
Microsoft Visual Studio Solution File, Format Version 12.00
# Visual Studio Version 17
VisualStudioVersion = 17.8.34330.188
MinimumVisualStudioVersion = 10.0.40219.1
Project("{FAE04EC0-301F-11D3-BF4B-00C04F79EFBC}") = "Trello1", "Trello1\Trello1.csproj", "{F63D8B42-A9C6-484E-A963-3BD98176BCAD}"
EndProject
Global
	GlobalSection(SolutionConfigurationPlatforms) = preSolution
		Debug|Any CPU = Debug|Any CPU
		Release|Any CPU = Release|Any CPU
	EndGlobalSection
	GlobalSection(ProjectConfigurationPlatforms) = postSolution
		{F63D8B42-A9C6-484E-A963-3BD98176BCAD}.Debug|Any CPU.ActiveCfg = Debug|Any CPU
		{F63D8B42-A9C6-484E-A963-3BD98176BCAD}.Debug|Any CPU.Build.0 = Debug|Any CPU
		{F63D8B42-A9C6-484E-A963-3BD98176BCAD}.Release|Any CPU.ActiveCfg = Release|Any CPU
		{F63D8B42-A9C6-484E-A963-3BD98176BCAD}.Release|Any CPU.Build.0 = Release|Any CPU
	EndGlobalSection
	GlobalSection(SolutionProperties) = preSolution
		HideSolutionNode = FALSE
	EndGlobalSection
	GlobalSection(ExtensibilityGlobals) = postSolution
		SolutionGuid = {E3DEA0C2-2BCE-4734-858D-00D63A5D9940}
	EndGlobalSection
EndGlobal
